// !$*UTF8*$!
{
	archiveVersion = 1;
	classes = {
	};
	objectVersion = 50;
	objects = {

/* Begin PBXBuildFile section */
		E20A5DA325458E5900C155A1 /* AppDelegate.m in Sources */ = {isa = PBXBuildFile; fileRef = E20A5DA225458E5900C155A1 /* AppDelegate.m */; };
		E20A5DA625458E5900C155A1 /* SceneDelegate.m in Sources */ = {isa = PBXBuildFile; fileRef = E20A5DA525458E5900C155A1 /* SceneDelegate.m */; };
		E20A5DAC25458E5900C155A1 /* Main.storyboard in Resources */ = {isa = PBXBuildFile; fileRef = E20A5DAA25458E5900C155A1 /* Main.storyboard */; };
		E20A5DAE25458E5A00C155A1 /* Assets.xcassets in Resources */ = {isa = PBXBuildFile; fileRef = E20A5DAD25458E5A00C155A1 /* Assets.xcassets */; };
		E20A5DB125458E5A00C155A1 /* LaunchScreen.storyboard in Resources */ = {isa = PBXBuildFile; fileRef = E20A5DAF25458E5A00C155A1 /* LaunchScreen.storyboard */; };
		E20A5DB425458E5A00C155A1 /* main.m in Sources */ = {isa = PBXBuildFile; fileRef = E20A5DB325458E5A00C155A1 /* main.m */; };
		E20A5DC125458FE800C155A1 /* MusicTableViewController.m in Sources */ = {isa = PBXBuildFile; fileRef = E20A5DC025458FE800C155A1 /* MusicTableViewController.m */; };
		E20A5DC62545908400C155A1 /* MusicDetailViewController.m in Sources */ = {isa = PBXBuildFile; fileRef = E20A5DC52545908400C155A1 /* MusicDetailViewController.m */; };
		E20A5DCB2545910F00C155A1 /* MusicAlbumController.m in Sources */ = {isa = PBXBuildFile; fileRef = E20A5DCA2545910F00C155A1 /* MusicAlbumController.m */; };
		E20A5DCF2545915A00C155A1 /* MusicAlbum.m in Sources */ = {isa = PBXBuildFile; fileRef = E20A5DCE2545915A00C155A1 /* MusicAlbum.m */; };
/* End PBXBuildFile section */

/* Begin PBXFileReference section */
		E20A5D9E25458E5900C155A1 /* MusicObjc.app */ = {isa = PBXFileReference; explicitFileType = wrapper.application; includeInIndex = 0; path = MusicObjc.app; sourceTree = BUILT_PRODUCTS_DIR; };
		E20A5DA125458E5900C155A1 /* AppDelegate.h */ = {isa = PBXFileReference; lastKnownFileType = sourcecode.c.h; path = AppDelegate.h; sourceTree = "<group>"; };
		E20A5DA225458E5900C155A1 /* AppDelegate.m */ = {isa = PBXFileReference; lastKnownFileType = sourcecode.c.objc; path = AppDelegate.m; sourceTree = "<group>"; };
		E20A5DA425458E5900C155A1 /* SceneDelegate.h */ = {isa = PBXFileReference; lastKnownFileType = sourcecode.c.h; path = SceneDelegate.h; sourceTree = "<group>"; };
		E20A5DA525458E5900C155A1 /* SceneDelegate.m */ = {isa = PBXFileReference; lastKnownFileType = sourcecode.c.objc; path = SceneDelegate.m; sourceTree = "<group>"; };
		E20A5DAB25458E5900C155A1 /* Base */ = {isa = PBXFileReference; lastKnownFileType = file.storyboard; name = Base; path = Base.lproj/Main.storyboard; sourceTree = "<group>"; };
		E20A5DAD25458E5A00C155A1 /* Assets.xcassets */ = {isa = PBXFileReference; lastKnownFileType = folder.assetcatalog; path = Assets.xcassets; sourceTree = "<group>"; };
		E20A5DB025458E5A00C155A1 /* Base */ = {isa = PBXFileReference; lastKnownFileType = file.storyboard; name = Base; path = Base.lproj/LaunchScreen.storyboard; sourceTree = "<group>"; };
		E20A5DB225458E5A00C155A1 /* Info.plist */ = {isa = PBXFileReference; lastKnownFileType = text.plist.xml; path = Info.plist; sourceTree = "<group>"; };
		E20A5DB325458E5A00C155A1 /* main.m */ = {isa = PBXFileReference; lastKnownFileType = sourcecode.c.objc; path = main.m; sourceTree = "<group>"; };
		E20A5DBF25458FE800C155A1 /* MusicTableViewController.h */ = {isa = PBXFileReference; lastKnownFileType = sourcecode.c.h; path = MusicTableViewController.h; sourceTree = "<group>"; };
		E20A5DC025458FE800C155A1 /* MusicTableViewController.m */ = {isa = PBXFileReference; lastKnownFileType = sourcecode.c.objc; path = MusicTableViewController.m; sourceTree = "<group>"; };
		E20A5DC42545908400C155A1 /* MusicDetailViewController.h */ = {isa = PBXFileReference; lastKnownFileType = sourcecode.c.h; path = MusicDetailViewController.h; sourceTree = "<group>"; };
		E20A5DC52545908400C155A1 /* MusicDetailViewController.m */ = {isa = PBXFileReference; lastKnownFileType = sourcecode.c.objc; path = MusicDetailViewController.m; sourceTree = "<group>"; };
		E20A5DC92545910F00C155A1 /* MusicAlbumController.h */ = {isa = PBXFileReference; lastKnownFileType = sourcecode.c.h; path = MusicAlbumController.h; sourceTree = "<group>"; };
		E20A5DCA2545910F00C155A1 /* MusicAlbumController.m */ = {isa = PBXFileReference; lastKnownFileType = sourcecode.c.objc; path = MusicAlbumController.m; sourceTree = "<group>"; };
		E20A5DCD2545915A00C155A1 /* MusicAlbum.h */ = {isa = PBXFileReference; lastKnownFileType = sourcecode.c.h; path = MusicAlbum.h; sourceTree = "<group>"; };
		E20A5DCE2545915A00C155A1 /* MusicAlbum.m */ = {isa = PBXFileReference; lastKnownFileType = sourcecode.c.objc; path = MusicAlbum.m; sourceTree = "<group>"; };
/* End PBXFileReference section */

/* Begin PBXFrameworksBuildPhase section */
		E20A5D9B25458E5900C155A1 /* Frameworks */ = {
			isa = PBXFrameworksBuildPhase;
			buildActionMask = 2147483647;
			files = (
			);
			runOnlyForDeploymentPostprocessing = 0;
		};
/* End PBXFrameworksBuildPhase section */

/* Begin PBXGroup section */
		E20A5D9525458E5900C155A1 = {
			isa = PBXGroup;
			children = (
				E20A5DA025458E5900C155A1 /* MusicObjc */,
				E20A5D9F25458E5900C155A1 /* Products */,
			);
			sourceTree = "<group>";
		};
		E20A5D9F25458E5900C155A1 /* Products */ = {
			isa = PBXGroup;
			children = (
				E20A5D9E25458E5900C155A1 /* MusicObjc.app */,
			);
			name = Products;
			sourceTree = "<group>";
		};
		E20A5DA025458E5900C155A1 /* MusicObjc */ = {
			isa = PBXGroup;
			children = (
				E20A5DBC25458ED300C155A1 /* View */,
				E20A5DBD25458EEC00C155A1 /* ModelController */,
				E20A5DBE25458F5000C155A1 /* Model */,
				E20A5DA125458E5900C155A1 /* AppDelegate.h */,
				E20A5DA225458E5900C155A1 /* AppDelegate.m */,
				E20A5DA425458E5900C155A1 /* SceneDelegate.h */,
				E20A5DA525458E5900C155A1 /* SceneDelegate.m */,
				E20A5DAA25458E5900C155A1 /* Main.storyboard */,
				E20A5DAD25458E5A00C155A1 /* Assets.xcassets */,
				E20A5DAF25458E5A00C155A1 /* LaunchScreen.storyboard */,
				E20A5DB225458E5A00C155A1 /* Info.plist */,
				E20A5DB325458E5A00C155A1 /* main.m */,
			);
			path = MusicObjc;
			sourceTree = "<group>";
		};
		E20A5DBC25458ED300C155A1 /* View */ = {
			isa = PBXGroup;
			children = (
				E20A5DBF25458FE800C155A1 /* MusicTableViewController.h */,
				E20A5DC025458FE800C155A1 /* MusicTableViewController.m */,
				E20A5DC42545908400C155A1 /* MusicDetailViewController.h */,
				E20A5DC52545908400C155A1 /* MusicDetailViewController.m */,
			);
			path = View;
			sourceTree = "<group>";
		};
		E20A5DBD25458EEC00C155A1 /* ModelController */ = {
			isa = PBXGroup;
			children = (
				E20A5DC92545910F00C155A1 /* MusicAlbumController.h */,
				E20A5DCA2545910F00C155A1 /* MusicAlbumController.m */,
			);
			path = ModelController;
			sourceTree = "<group>";
		};
		E20A5DBE25458F5000C155A1 /* Model */ = {
			isa = PBXGroup;
			children = (
				E20A5DCD2545915A00C155A1 /* MusicAlbum.h */,
				E20A5DCE2545915A00C155A1 /* MusicAlbum.m */,
			);
			path = Model;
			sourceTree = "<group>";
		};
/* End PBXGroup section */

/* Begin PBXNativeTarget section */
		E20A5D9D25458E5900C155A1 /* MusicObjc */ = {
			isa = PBXNativeTarget;
			buildConfigurationList = E20A5DB725458E5A00C155A1 /* Build configuration list for PBXNativeTarget "MusicObjc" */;
			buildPhases = (
				E20A5D9A25458E5900C155A1 /* Sources */,
				E20A5D9B25458E5900C155A1 /* Frameworks */,
				E20A5D9C25458E5900C155A1 /* Resources */,
			);
			buildRules = (
			);
			dependencies = (
			);
			name = MusicObjc;
			productName = MusicObjc;
			productReference = E20A5D9E25458E5900C155A1 /* MusicObjc.app */;
			productType = "com.apple.product-type.application";
		};
/* End PBXNativeTarget section */

/* Begin PBXProject section */
		E20A5D9625458E5900C155A1 /* Project object */ = {
			isa = PBXProject;
			attributes = {
				LastUpgradeCheck = 1210;
				TargetAttributes = {
					E20A5D9D25458E5900C155A1 = {
						CreatedOnToolsVersion = 12.1;
					};
				};
			};
			buildConfigurationList = E20A5D9925458E5900C155A1 /* Build configuration list for PBXProject "MusicObjc" */;
			compatibilityVersion = "Xcode 9.3";
			developmentRegion = en;
			hasScannedForEncodings = 0;
			knownRegions = (
				en,
				Base,
			);
			mainGroup = E20A5D9525458E5900C155A1;
			productRefGroup = E20A5D9F25458E5900C155A1 /* Products */;
			projectDirPath = "";
			projectRoot = "";
			targets = (
				E20A5D9D25458E5900C155A1 /* MusicObjc */,
			);
		};
/* End PBXProject section */

/* Begin PBXResourcesBuildPhase section */
		E20A5D9C25458E5900C155A1 /* Resources */ = {
			isa = PBXResourcesBuildPhase;
			buildActionMask = 2147483647;
			files = (
				E20A5DB125458E5A00C155A1 /* LaunchScreen.storyboard in Resources */,
				E20A5DAE25458E5A00C155A1 /* Assets.xcassets in Resources */,
				E20A5DAC25458E5900C155A1 /* Main.storyboard in Resources */,
			);
			runOnlyForDeploymentPostprocessing = 0;
		};
/* End PBXResourcesBuildPhase section */

/* Begin PBXSourcesBuildPhase section */
		E20A5D9A25458E5900C155A1 /* Sources */ = {
			isa = PBXSourcesBuildPhase;
			buildActionMask = 2147483647;
			files = (
				E20A5DC62545908400C155A1 /* MusicDetailViewController.m in Sources */,
				E20A5DCF2545915A00C155A1 /* MusicAlbum.m in Sources */,
				E20A5DCB2545910F00C155A1 /* MusicAlbumController.m in Sources */,
				E20A5DA325458E5900C155A1 /* AppDelegate.m in Sources */,
				E20A5DC125458FE800C155A1 /* MusicTableViewController.m in Sources */,
				E20A5DB425458E5A00C155A1 /* main.m in Sources */,
				E20A5DA625458E5900C155A1 /* SceneDelegate.m in Sources */,
			);
			runOnlyForDeploymentPostprocessing = 0;
		};
/* End PBXSourcesBuildPhase section */

/* Begin PBXVariantGroup section */
		E20A5DAA25458E5900C155A1 /* Main.storyboard */ = {
			isa = PBXVariantGroup;
			children = (
				E20A5DAB25458E5900C155A1 /* Base */,
			);
			name = Main.storyboard;
			sourceTree = "<group>";
		};
		E20A5DAF25458E5A00C155A1 /* LaunchScreen.storyboard */ = {
			isa = PBXVariantGroup;
			children = (
				E20A5DB025458E5A00C155A1 /* Base */,
			);
			name = LaunchScreen.storyboard;
			sourceTree = "<group>";
		};
/* End PBXVariantGroup section */

/* Begin XCBuildConfiguration section */
		E20A5DB525458E5A00C155A1 /* Debug */ = {
			isa = XCBuildConfiguration;
			buildSettings = {
				ALWAYS_SEARCH_USER_PATHS = NO;
				CLANG_ANALYZER_NONNULL = YES;
				CLANG_ANALYZER_NUMBER_OBJECT_CONVERSION = YES_AGGRESSIVE;
				CLANG_CXX_LANGUAGE_STANDARD = "gnu++14";
				CLANG_CXX_LIBRARY = "libc++";
				CLANG_ENABLE_MODULES = YES;
				CLANG_ENABLE_OBJC_ARC = YES;
				CLANG_ENABLE_OBJC_WEAK = YES;
				CLANG_WARN_BLOCK_CAPTURE_AUTORELEASING = YES;
				CLANG_WARN_BOOL_CONVERSION = YES;
				CLANG_WARN_COMMA = YES;
				CLANG_WARN_CONSTANT_CONVERSION = YES;
				CLANG_WARN_DEPRECATED_OBJC_IMPLEMENTATIONS = YES;
				CLANG_WARN_DIRECT_OBJC_ISA_USAGE = YES_ERROR;
				CLANG_WARN_DOCUMENTATION_COMMENTS = YES;
				CLANG_WARN_EMPTY_BODY = YES;
				CLANG_WARN_ENUM_CONVERSION = YES;
				CLANG_WARN_INFINITE_RECURSION = YES;
				CLANG_WARN_INT_CONVERSION = YES;
				CLANG_WARN_NON_LITERAL_NULL_CONVERSION = YES;
				CLANG_WARN_OBJC_IMPLICIT_RETAIN_SELF = YES;
				CLANG_WARN_OBJC_LITERAL_CONVERSION = YES;
				CLANG_WARN_OBJC_ROOT_CLASS = YES_ERROR;
				CLANG_WARN_QUOTED_INCLUDE_IN_FRAMEWORK_HEADER = YES;
				CLANG_WARN_RANGE_LOOP_ANALYSIS = YES;
				CLANG_WARN_STRICT_PROTOTYPES = YES;
				CLANG_WARN_SUSPICIOUS_MOVE = YES;
				CLANG_WARN_UNGUARDED_AVAILABILITY = YES_AGGRESSIVE;
				CLANG_WARN_UNREACHABLE_CODE = YES;
				CLANG_WARN__DUPLICATE_METHOD_MATCH = YES;
				COPY_PHASE_STRIP = NO;
				DEBUG_INFORMATION_FORMAT = dwarf;
				ENABLE_STRICT_OBJC_MSGSEND = YES;
				ENABLE_TESTABILITY = YES;
				GCC_C_LANGUAGE_STANDARD = gnu11;
				GCC_DYNAMIC_NO_PIC = NO;
				GCC_NO_COMMON_BLOCKS = YES;
				GCC_OPTIMIZATION_LEVEL = 0;
				GCC_PREPROCESSOR_DEFINITIONS = (
					"DEBUG=1",
					"$(inherited)",
				);
				GCC_WARN_64_TO_32_BIT_CONVERSION = YES;
				GCC_WARN_ABOUT_RETURN_TYPE = YES_ERROR;
				GCC_WARN_UNDECLARED_SELECTOR = YES;
				GCC_WARN_UNINITIALIZED_AUTOS = YES_AGGRESSIVE;
				GCC_WARN_UNUSED_FUNCTION = YES;
				GCC_WARN_UNUSED_VARIABLE = YES;
				IPHONEOS_DEPLOYMENT_TARGET = 14.1;
				MTL_ENABLE_DEBUG_INFO = INCLUDE_SOURCE;
				MTL_FAST_MATH = YES;
				ONLY_ACTIVE_ARCH = YES;
				SDKROOT = iphoneos;
			};
			name = Debug;
		};
		E20A5DB625458E5A00C155A1 /* Release */ = {
			isa = XCBuildConfiguration;
			buildSettings = {
				ALWAYS_SEARCH_USER_PATHS = NO;
				CLANG_ANALYZER_NONNULL = YES;
				CLANG_ANALYZER_NUMBER_OBJECT_CONVERSION = YES_AGGRESSIVE;
				CLANG_CXX_LANGUAGE_STANDARD = "gnu++14";
				CLANG_CXX_LIBRARY = "libc++";
				CLANG_ENABLE_MODULES = YES;
				CLANG_ENABLE_OBJC_ARC = YES;
				CLANG_ENABLE_OBJC_WEAK = YES;
				CLANG_WARN_BLOCK_CAPTURE_AUTORELEASING = YES;
				CLANG_WARN_BOOL_CONVERSION = YES;
				CLANG_WARN_COMMA = YES;
				CLANG_WARN_CONSTANT_CONVERSION = YES;
				CLANG_WARN_DEPRECATED_OBJC_IMPLEMENTATIONS = YES;
				CLANG_WARN_DIRECT_OBJC_ISA_USAGE = YES_ERROR;
				CLANG_WARN_DOCUMENTATION_COMMENTS = YES;
				CLANG_WARN_EMPTY_BODY = YES;
				CLANG_WARN_ENUM_CONVERSION = YES;
				CLANG_WARN_INFINITE_RECURSION = YES;
				CLANG_WARN_INT_CONVERSION = YES;
				CLANG_WARN_NON_LITERAL_NULL_CONVERSION = YES;
				CLANG_WARN_OBJC_IMPLICIT_RETAIN_SELF = YES;
				CLANG_WARN_OBJC_LITERAL_CONVERSION = YES;
				CLANG_WARN_OBJC_ROOT_CLASS = YES_ERROR;
				CLANG_WARN_QUOTED_INCLUDE_IN_FRAMEWORK_HEADER = YES;
				CLANG_WARN_RANGE_LOOP_ANALYSIS = YES;
				CLANG_WARN_STRICT_PROTOTYPES = YES;
				CLANG_WARN_SUSPICIOUS_MOVE = YES;
				CLANG_WARN_UNGUARDED_AVAILABILITY = YES_AGGRESSIVE;
				CLANG_WARN_UNREACHABLE_CODE = YES;
				CLANG_WARN__DUPLICATE_METHOD_MATCH = YES;
				COPY_PHASE_STRIP = NO;
				DEBUG_INFORMATION_FORMAT = "dwarf-with-dsym";
				ENABLE_NS_ASSERTIONS = NO;
				ENABLE_STRICT_OBJC_MSGSEND = YES;
				GCC_C_LANGUAGE_STANDARD = gnu11;
				GCC_NO_COMMON_BLOCKS = YES;
				GCC_WARN_64_TO_32_BIT_CONVERSION = YES;
				GCC_WARN_ABOUT_RETURN_TYPE = YES_ERROR;
				GCC_WARN_UNDECLARED_SELECTOR = YES;
				GCC_WARN_UNINITIALIZED_AUTOS = YES_AGGRESSIVE;
				GCC_WARN_UNUSED_FUNCTION = YES;
				GCC_WARN_UNUSED_VARIABLE = YES;
				IPHONEOS_DEPLOYMENT_TARGET = 14.1;
				MTL_ENABLE_DEBUG_INFO = NO;
				MTL_FAST_MATH = YES;
				SDKROOT = iphoneos;
				VALIDATE_PRODUCT = YES;
			};
			name = Release;
		};
		E20A5DB825458E5A00C155A1 /* Debug */ = {
			isa = XCBuildConfiguration;
			buildSettings = {
				ASSETCATALOG_COMPILER_APPICON_NAME = AppIcon;
				ASSETCATALOG_COMPILER_GLOBAL_ACCENT_COLOR_NAME = AccentColor;
				CODE_SIGN_STYLE = Automatic;
				INFOPLIST_FILE = MusicObjc/Info.plist;
				LD_RUNPATH_SEARCH_PATHS = (
					"$(inherited)",
					"@executable_path/Frameworks",
				);
				PRODUCT_BUNDLE_IDENTIFIER = io.americancoding.MusicObjc;
				PRODUCT_NAME = "$(TARGET_NAME)";
				TARGETED_DEVICE_FAMILY = "1,2";
			};
			name = Debug;
		};
		E20A5DB925458E5A00C155A1 /* Release */ = {
			isa = XCBuildConfiguration;
			buildSettings = {
				ASSETCATALOG_COMPILER_APPICON_NAME = AppIcon;
				ASSETCATALOG_COMPILER_GLOBAL_ACCENT_COLOR_NAME = AccentColor;
				CODE_SIGN_STYLE = Automatic;
				INFOPLIST_FILE = MusicObjc/Info.plist;
				LD_RUNPATH_SEARCH_PATHS = (
					"$(inherited)",
					"@executable_path/Frameworks",
				);
				PRODUCT_BUNDLE_IDENTIFIER = io.americancoding.MusicObjc;
				PRODUCT_NAME = "$(TARGET_NAME)";
				TARGETED_DEVICE_FAMILY = "1,2";
			};
			name = Release;
		};
/* End XCBuildConfiguration section */

/* Begin XCConfigurationList section */
		E20A5D9925458E5900C155A1 /* Build configuration list for PBXProject "MusicObjc" */ = {
			isa = XCConfigurationList;
			buildConfigurations = (
				E20A5DB525458E5A00C155A1 /* Debug */,
				E20A5DB625458E5A00C155A1 /* Release */,
			);
			defaultConfigurationIsVisible = 0;
			defaultConfigurationName = Release;
		};
		E20A5DB725458E5A00C155A1 /* Build configuration list for PBXNativeTarget "MusicObjc" */ = {
			isa = XCConfigurationList;
			buildConfigurations = (
				E20A5DB825458E5A00C155A1 /* Debug */,
				E20A5DB925458E5A00C155A1 /* Release */,
			);
			defaultConfigurationIsVisible = 0;
			defaultConfigurationName = Release;
		};
/* End XCConfigurationList section */
	};
	rootObject = E20A5D9625458E5900C155A1 /* Project object */;
}
